// !$*UTF8*$!
{
	archiveVersion = 1;
	classes = {
	};
	objectVersion = 50;
	objects = {

/* Begin PBXBuildFile section */
		015629B4250E54D00047E90C /* CircularProgressView.swift in Sources */ = {isa = PBXBuildFile; fileRef = 015629B3250E54D00047E90C /* CircularProgressView.swift */; };
		044CE804250ED5F20073A994 /* Themes.swift in Sources */ = {isa = PBXBuildFile; fileRef = 044CE803250ED5F20073A994 /* Themes.swift */; };
		E733D7E8250BF68B005B56DC /* AppDelegate.swift in Sources */ = {isa = PBXBuildFile; fileRef = E733D7E7250BF68B005B56DC /* AppDelegate.swift */; };
		E733D7EA250BF68B005B56DC /* SceneDelegate.swift in Sources */ = {isa = PBXBuildFile; fileRef = E733D7E9250BF68B005B56DC /* SceneDelegate.swift */; };
		E733D7EF250BF68B005B56DC /* Main.storyboard in Resources */ = {isa = PBXBuildFile; fileRef = E733D7ED250BF68B005B56DC /* Main.storyboard */; };
		E733D7F1250BF690005B56DC /* Assets.xcassets in Resources */ = {isa = PBXBuildFile; fileRef = E733D7F0250BF690005B56DC /* Assets.xcassets */; };
		E733D7F4250BF690005B56DC /* LaunchScreen.storyboard in Resources */ = {isa = PBXBuildFile; fileRef = E733D7F2250BF690005B56DC /* LaunchScreen.storyboard */; };
		E733D801250C01EF005B56DC /* TrackingViewController.swift in Sources */ = {isa = PBXBuildFile; fileRef = E733D800250C01EF005B56DC /* TrackingViewController.swift */; };
		E733D803250C0235005B56DC /* GraphsViewController.swift in Sources */ = {isa = PBXBuildFile; fileRef = E733D802250C0235005B56DC /* GraphsViewController.swift */; };
		E733D805250C0254005B56DC /* ProfileViewController.swift in Sources */ = {isa = PBXBuildFile; fileRef = E733D804250C0254005B56DC /* ProfileViewController.swift */; };
		E733D807250C9A89005B56DC /* Food.swift in Sources */ = {isa = PBXBuildFile; fileRef = E733D806250C9A89005B56DC /* Food.swift */; };
		E733D809250CAAE7005B56DC /* FoodDetailViewController.swift in Sources */ = {isa = PBXBuildFile; fileRef = E733D808250CAAE7005B56DC /* FoodDetailViewController.swift */; };
		E733D80B250CAF3F005B56DC /* FoodTableViewCell.swift in Sources */ = {isa = PBXBuildFile; fileRef = E733D80A250CAF3F005B56DC /* FoodTableViewCell.swift */; };
		E733D80D250CD39D005B56DC /* User.swift in Sources */ = {isa = PBXBuildFile; fileRef = E733D80C250CD39D005B56DC /* User.swift */; };
		E733D811250D2EE7005B56DC /* TabBarViewController.swift in Sources */ = {isa = PBXBuildFile; fileRef = E733D810250D2EE7005B56DC /* TabBarViewController.swift */; };
		E733D813250DFFDD005B56DC /* Tracking.storyboard in Resources */ = {isa = PBXBuildFile; fileRef = E733D812250DFFDD005B56DC /* Tracking.storyboard */; };
		E733D815250DFFEE005B56DC /* Graphs.storyboard in Resources */ = {isa = PBXBuildFile; fileRef = E733D814250DFFEE005B56DC /* Graphs.storyboard */; };
		E733D817250E0002005B56DC /* Profile.storyboard in Resources */ = {isa = PBXBuildFile; fileRef = E733D816250E0002005B56DC /* Profile.storyboard */; };
/* End PBXBuildFile section */

/* Begin PBXFileReference section */
		015629B3250E54D00047E90C /* CircularProgressView.swift */ = {isa = PBXFileReference; lastKnownFileType = sourcecode.swift; path = CircularProgressView.swift; sourceTree = "<group>"; };
		044CE803250ED5F20073A994 /* Themes.swift */ = {isa = PBXFileReference; fileEncoding = 4; lastKnownFileType = sourcecode.swift; path = Themes.swift; sourceTree = "<group>"; };
		E733D7E4250BF68B005B56DC /* FoodTracking.app */ = {isa = PBXFileReference; explicitFileType = wrapper.application; includeInIndex = 0; path = FoodTracking.app; sourceTree = BUILT_PRODUCTS_DIR; };
		E733D7E7250BF68B005B56DC /* AppDelegate.swift */ = {isa = PBXFileReference; lastKnownFileType = sourcecode.swift; path = AppDelegate.swift; sourceTree = "<group>"; };
		E733D7E9250BF68B005B56DC /* SceneDelegate.swift */ = {isa = PBXFileReference; lastKnownFileType = sourcecode.swift; path = SceneDelegate.swift; sourceTree = "<group>"; };
		E733D7EE250BF68B005B56DC /* Base */ = {isa = PBXFileReference; lastKnownFileType = file.storyboard; name = Base; path = Base.lproj/Main.storyboard; sourceTree = "<group>"; };
		E733D7F0250BF690005B56DC /* Assets.xcassets */ = {isa = PBXFileReference; lastKnownFileType = folder.assetcatalog; path = Assets.xcassets; sourceTree = "<group>"; };
		E733D7F3250BF690005B56DC /* Base */ = {isa = PBXFileReference; lastKnownFileType = file.storyboard; name = Base; path = Base.lproj/LaunchScreen.storyboard; sourceTree = "<group>"; };
		E733D7F5250BF690005B56DC /* Info.plist */ = {isa = PBXFileReference; lastKnownFileType = text.plist.xml; path = Info.plist; sourceTree = "<group>"; };
		E733D800250C01EF005B56DC /* TrackingViewController.swift */ = {isa = PBXFileReference; lastKnownFileType = sourcecode.swift; path = TrackingViewController.swift; sourceTree = "<group>"; };
		E733D802250C0235005B56DC /* GraphsViewController.swift */ = {isa = PBXFileReference; lastKnownFileType = sourcecode.swift; name = GraphsViewController.swift; path = FoodTracking/ViewControllers/GraphsViewController.swift; sourceTree = SOURCE_ROOT; };
		E733D804250C0254005B56DC /* ProfileViewController.swift */ = {isa = PBXFileReference; lastKnownFileType = sourcecode.swift; path = ProfileViewController.swift; sourceTree = "<group>"; };
		E733D806250C9A89005B56DC /* Food.swift */ = {isa = PBXFileReference; lastKnownFileType = sourcecode.swift; path = Food.swift; sourceTree = "<group>"; };
		E733D808250CAAE7005B56DC /* FoodDetailViewController.swift */ = {isa = PBXFileReference; lastKnownFileType = sourcecode.swift; name = FoodDetailViewController.swift; path = FoodTracking/ViewControllers/FoodDetailViewController.swift; sourceTree = SOURCE_ROOT; };
		E733D80A250CAF3F005B56DC /* FoodTableViewCell.swift */ = {isa = PBXFileReference; lastKnownFileType = sourcecode.swift; path = FoodTableViewCell.swift; sourceTree = "<group>"; };
		E733D80C250CD39D005B56DC /* User.swift */ = {isa = PBXFileReference; lastKnownFileType = sourcecode.swift; path = User.swift; sourceTree = "<group>"; };
		E733D810250D2EE7005B56DC /* TabBarViewController.swift */ = {isa = PBXFileReference; lastKnownFileType = sourcecode.swift; path = TabBarViewController.swift; sourceTree = "<group>"; };
		E733D812250DFFDD005B56DC /* Tracking.storyboard */ = {isa = PBXFileReference; lastKnownFileType = file.storyboard; path = Tracking.storyboard; sourceTree = "<group>"; };
		E733D814250DFFEE005B56DC /* Graphs.storyboard */ = {isa = PBXFileReference; lastKnownFileType = file.storyboard; path = Graphs.storyboard; sourceTree = "<group>"; };
		E733D816250E0002005B56DC /* Profile.storyboard */ = {isa = PBXFileReference; lastKnownFileType = file.storyboard; path = Profile.storyboard; sourceTree = "<group>"; };
/* End PBXFileReference section */

/* Begin PBXFrameworksBuildPhase section */
		E733D7E1250BF68B005B56DC /* Frameworks */ = {
			isa = PBXFrameworksBuildPhase;
			buildActionMask = 2147483647;
			files = (
			);
			runOnlyForDeploymentPostprocessing = 0;
		};
/* End PBXFrameworksBuildPhase section */

/* Begin PBXGroup section */
		E733D7DB250BF68B005B56DC = {
			isa = PBXGroup;
			children = (
				E733D7E6250BF68B005B56DC /* FoodTracking */,
				E733D7E5250BF68B005B56DC /* Products */,
			);
			sourceTree = "<group>";
		};
		E733D7E5250BF68B005B56DC /* Products */ = {
			isa = PBXGroup;
			children = (
				E733D7E4250BF68B005B56DC /* FoodTracking.app */,
			);
			name = Products;
			sourceTree = "<group>";
		};
		E733D7E6250BF68B005B56DC /* FoodTracking */ = {
			isa = PBXGroup;
			children = (
				E733D7FE250BFFED005B56DC /* ViewControllers */,
				E733D7FF250C004B005B56DC /* Models */,
				E733D7FB250BFF7E005B56DC /* Storyboards */,
				E733D7FC250BFFB4005B56DC /* Sources */,
				E733D7FD250BFFE0005B56DC /* SupportingFiles */,
			);
			path = FoodTracking;
			sourceTree = "<group>";
		};
		E733D7FB250BFF7E005B56DC /* Storyboards */ = {
			isa = PBXGroup;
			children = (
				E733D7ED250BF68B005B56DC /* Main.storyboard */,
				E733D812250DFFDD005B56DC /* Tracking.storyboard */,
				E733D814250DFFEE005B56DC /* Graphs.storyboard */,
				E733D816250E0002005B56DC /* Profile.storyboard */,
				E733D7F2250BF690005B56DC /* LaunchScreen.storyboard */,
			);
			path = Storyboards;
			sourceTree = "<group>";
		};
		E733D7FC250BFFB4005B56DC /* Sources */ = {
			isa = PBXGroup;
			children = (
				E733D7F0250BF690005B56DC /* Assets.xcassets */,
			);
			path = Sources;
			sourceTree = "<group>";
		};
		E733D7FD250BFFE0005B56DC /* SupportingFiles */ = {
			isa = PBXGroup;
			children = (
				E733D7E7250BF68B005B56DC /* AppDelegate.swift */,
				E733D7E9250BF68B005B56DC /* SceneDelegate.swift */,
				E733D7F5250BF690005B56DC /* Info.plist */,
			);
			path = SupportingFiles;
			sourceTree = "<group>";
		};
		E733D7FE250BFFED005B56DC /* ViewControllers */ = {
			isa = PBXGroup;
			children = (
				E733D810250D2EE7005B56DC /* TabBarViewController.swift */,
				E733D800250C01EF005B56DC /* TrackingViewController.swift */,
				E733D80A250CAF3F005B56DC /* FoodTableViewCell.swift */,
				E733D808250CAAE7005B56DC /* FoodDetailViewController.swift */,
				E733D802250C0235005B56DC /* GraphsViewController.swift */,
				015629B3250E54D00047E90C /* CircularProgressView.swift */,
				E733D804250C0254005B56DC /* ProfileViewController.swift */,
			);
			path = ViewControllers;
			sourceTree = "<group>";
		};
		E733D7FF250C004B005B56DC /* Models */ = {
			isa = PBXGroup;
			children = (
				044CE803250ED5F20073A994 /* Themes.swift */,
				E733D806250C9A89005B56DC /* Food.swift */,
				E733D80C250CD39D005B56DC /* User.swift */,
			);
			path = Models;
			sourceTree = "<group>";
		};
/* End PBXGroup section */

/* Begin PBXNativeTarget section */
		E733D7E3250BF68B005B56DC /* FoodTracking */ = {
			isa = PBXNativeTarget;
			buildConfigurationList = E733D7F8250BF690005B56DC /* Build configuration list for PBXNativeTarget "FoodTracking" */;
			buildPhases = (
				E733D7E0250BF68B005B56DC /* Sources */,
				E733D7E1250BF68B005B56DC /* Frameworks */,
				E733D7E2250BF68B005B56DC /* Resources */,
			);
			buildRules = (
			);
			dependencies = (
			);
			name = FoodTracking;
			productName = FoodTracking;
			productReference = E733D7E4250BF68B005B56DC /* FoodTracking.app */;
			productType = "com.apple.product-type.application";
		};
/* End PBXNativeTarget section */

/* Begin PBXProject section */
		E733D7DC250BF68B005B56DC /* Project object */ = {
			isa = PBXProject;
			attributes = {
				LastSwiftUpdateCheck = 1170;
				LastUpgradeCheck = 1170;
				ORGANIZATIONNAME = noname;
				TargetAttributes = {
					E733D7E3250BF68B005B56DC = {
						CreatedOnToolsVersion = 11.7;
					};
				};
			};
			buildConfigurationList = E733D7DF250BF68B005B56DC /* Build configuration list for PBXProject "FoodTracking" */;
			compatibilityVersion = "Xcode 9.3";
			developmentRegion = en;
			hasScannedForEncodings = 0;
			knownRegions = (
				en,
				Base,
			);
			mainGroup = E733D7DB250BF68B005B56DC;
			productRefGroup = E733D7E5250BF68B005B56DC /* Products */;
			projectDirPath = "";
			projectRoot = "";
			targets = (
				E733D7E3250BF68B005B56DC /* FoodTracking */,
			);
		};
/* End PBXProject section */

/* Begin PBXResourcesBuildPhase section */
		E733D7E2250BF68B005B56DC /* Resources */ = {
			isa = PBXResourcesBuildPhase;
			buildActionMask = 2147483647;
			files = (
				E733D817250E0002005B56DC /* Profile.storyboard in Resources */,
				E733D7F4250BF690005B56DC /* LaunchScreen.storyboard in Resources */,
				E733D813250DFFDD005B56DC /* Tracking.storyboard in Resources */,
				E733D815250DFFEE005B56DC /* Graphs.storyboard in Resources */,
				E733D7F1250BF690005B56DC /* Assets.xcassets in Resources */,
				E733D7EF250BF68B005B56DC /* Main.storyboard in Resources */,
			);
			runOnlyForDeploymentPostprocessing = 0;
		};
/* End PBXResourcesBuildPhase section */

/* Begin PBXSourcesBuildPhase section */
		E733D7E0250BF68B005B56DC /* Sources */ = {
			isa = PBXSourcesBuildPhase;
			buildActionMask = 2147483647;
			files = (
				E733D801250C01EF005B56DC /* TrackingViewController.swift in Sources */,
				044CE804250ED5F20073A994 /* Themes.swift in Sources */,
				E733D809250CAAE7005B56DC /* FoodDetailViewController.swift in Sources */,
				E733D803250C0235005B56DC /* GraphsViewController.swift in Sources */,
				E733D805250C0254005B56DC /* ProfileViewController.swift in Sources */,
				E733D7E8250BF68B005B56DC /* AppDelegate.swift in Sources */,
				E733D80D250CD39D005B56DC /* User.swift in Sources */,
				E733D80B250CAF3F005B56DC /* FoodTableViewCell.swift in Sources */,
				E733D7EA250BF68B005B56DC /* SceneDelegate.swift in Sources */,
				E733D811250D2EE7005B56DC /* TabBarViewController.swift in Sources */,
				E733D807250C9A89005B56DC /* Food.swift in Sources */,
				015629B4250E54D00047E90C /* CircularProgressView.swift in Sources */,
			);
			runOnlyForDeploymentPostprocessing = 0;
		};
/* End PBXSourcesBuildPhase section */

/* Begin PBXVariantGroup section */
		E733D7ED250BF68B005B56DC /* Main.storyboard */ = {
			isa = PBXVariantGroup;
			children = (
				E733D7EE250BF68B005B56DC /* Base */,
			);
			name = Main.storyboard;
			sourceTree = "<group>";
		};
		E733D7F2250BF690005B56DC /* LaunchScreen.storyboard */ = {
			isa = PBXVariantGroup;
			children = (
				E733D7F3250BF690005B56DC /* Base */,
			);
			name = LaunchScreen.storyboard;
			sourceTree = "<group>";
		};
/* End PBXVariantGroup section */

/* Begin XCBuildConfiguration section */
		E733D7F6250BF690005B56DC /* Debug */ = {
			isa = XCBuildConfiguration;
			buildSettings = {
				ALWAYS_SEARCH_USER_PATHS = NO;
				CLANG_ANALYZER_NONNULL = YES;
				CLANG_ANALYZER_NUMBER_OBJECT_CONVERSION = YES_AGGRESSIVE;
				CLANG_CXX_LANGUAGE_STANDARD = "gnu++14";
				CLANG_CXX_LIBRARY = "libc++";
				CLANG_ENABLE_MODULES = YES;
				CLANG_ENABLE_OBJC_ARC = YES;
				CLANG_ENABLE_OBJC_WEAK = YES;
				CLANG_WARN_BLOCK_CAPTURE_AUTORELEASING = YES;
				CLANG_WARN_BOOL_CONVERSION = YES;
				CLANG_WARN_COMMA = YES;
				CLANG_WARN_CONSTANT_CONVERSION = YES;
				CLANG_WARN_DEPRECATED_OBJC_IMPLEMENTATIONS = YES;
				CLANG_WARN_DIRECT_OBJC_ISA_USAGE = YES_ERROR;
				CLANG_WARN_DOCUMENTATION_COMMENTS = YES;
				CLANG_WARN_EMPTY_BODY = YES;
				CLANG_WARN_ENUM_CONVERSION = YES;
				CLANG_WARN_INFINITE_RECURSION = YES;
				CLANG_WARN_INT_CONVERSION = YES;
				CLANG_WARN_NON_LITERAL_NULL_CONVERSION = YES;
				CLANG_WARN_OBJC_IMPLICIT_RETAIN_SELF = YES;
				CLANG_WARN_OBJC_LITERAL_CONVERSION = YES;
				CLANG_WARN_OBJC_ROOT_CLASS = YES_ERROR;
				CLANG_WARN_RANGE_LOOP_ANALYSIS = YES;
				CLANG_WARN_STRICT_PROTOTYPES = YES;
				CLANG_WARN_SUSPICIOUS_MOVE = YES;
				CLANG_WARN_UNGUARDED_AVAILABILITY = YES_AGGRESSIVE;
				CLANG_WARN_UNREACHABLE_CODE = YES;
				CLANG_WARN__DUPLICATE_METHOD_MATCH = YES;
				COPY_PHASE_STRIP = NO;
				DEBUG_INFORMATION_FORMAT = dwarf;
				ENABLE_STRICT_OBJC_MSGSEND = YES;
				ENABLE_TESTABILITY = YES;
				GCC_C_LANGUAGE_STANDARD = gnu11;
				GCC_DYNAMIC_NO_PIC = NO;
				GCC_NO_COMMON_BLOCKS = YES;
				GCC_OPTIMIZATION_LEVEL = 0;
				GCC_PREPROCESSOR_DEFINITIONS = (
					"DEBUG=1",
					"$(inherited)",
				);
				GCC_WARN_64_TO_32_BIT_CONVERSION = YES;
				GCC_WARN_ABOUT_RETURN_TYPE = YES_ERROR;
				GCC_WARN_UNDECLARED_SELECTOR = YES;
				GCC_WARN_UNINITIALIZED_AUTOS = YES_AGGRESSIVE;
				GCC_WARN_UNUSED_FUNCTION = YES;
				GCC_WARN_UNUSED_VARIABLE = YES;
				IPHONEOS_DEPLOYMENT_TARGET = 13.7;
				MTL_ENABLE_DEBUG_INFO = INCLUDE_SOURCE;
				MTL_FAST_MATH = YES;
				ONLY_ACTIVE_ARCH = YES;
				SDKROOT = iphoneos;
				SWIFT_ACTIVE_COMPILATION_CONDITIONS = DEBUG;
				SWIFT_OPTIMIZATION_LEVEL = "-Onone";
			};
			name = Debug;
		};
		E733D7F7250BF690005B56DC /* Release */ = {
			isa = XCBuildConfiguration;
			buildSettings = {
				ALWAYS_SEARCH_USER_PATHS = NO;
				CLANG_ANALYZER_NONNULL = YES;
				CLANG_ANALYZER_NUMBER_OBJECT_CONVERSION = YES_AGGRESSIVE;
				CLANG_CXX_LANGUAGE_STANDARD = "gnu++14";
				CLANG_CXX_LIBRARY = "libc++";
				CLANG_ENABLE_MODULES = YES;
				CLANG_ENABLE_OBJC_ARC = YES;
				CLANG_ENABLE_OBJC_WEAK = YES;
				CLANG_WARN_BLOCK_CAPTURE_AUTORELEASING = YES;
				CLANG_WARN_BOOL_CONVERSION = YES;
				CLANG_WARN_COMMA = YES;
				CLANG_WARN_CONSTANT_CONVERSION = YES;
				CLANG_WARN_DEPRECATED_OBJC_IMPLEMENTATIONS = YES;
				CLANG_WARN_DIRECT_OBJC_ISA_USAGE = YES_ERROR;
				CLANG_WARN_DOCUMENTATION_COMMENTS = YES;
				CLANG_WARN_EMPTY_BODY = YES;
				CLANG_WARN_ENUM_CONVERSION = YES;
				CLANG_WARN_INFINITE_RECURSION = YES;
				CLANG_WARN_INT_CONVERSION = YES;
				CLANG_WARN_NON_LITERAL_NULL_CONVERSION = YES;
				CLANG_WARN_OBJC_IMPLICIT_RETAIN_SELF = YES;
				CLANG_WARN_OBJC_LITERAL_CONVERSION = YES;
				CLANG_WARN_OBJC_ROOT_CLASS = YES_ERROR;
				CLANG_WARN_RANGE_LOOP_ANALYSIS = YES;
				CLANG_WARN_STRICT_PROTOTYPES = YES;
				CLANG_WARN_SUSPICIOUS_MOVE = YES;
				CLANG_WARN_UNGUARDED_AVAILABILITY = YES_AGGRESSIVE;
				CLANG_WARN_UNREACHABLE_CODE = YES;
				CLANG_WARN__DUPLICATE_METHOD_MATCH = YES;
				COPY_PHASE_STRIP = NO;
				DEBUG_INFORMATION_FORMAT = "dwarf-with-dsym";
				ENABLE_NS_ASSERTIONS = NO;
				ENABLE_STRICT_OBJC_MSGSEND = YES;
				GCC_C_LANGUAGE_STANDARD = gnu11;
				GCC_NO_COMMON_BLOCKS = YES;
				GCC_WARN_64_TO_32_BIT_CONVERSION = YES;
				GCC_WARN_ABOUT_RETURN_TYPE = YES_ERROR;
				GCC_WARN_UNDECLARED_SELECTOR = YES;
				GCC_WARN_UNINITIALIZED_AUTOS = YES_AGGRESSIVE;
				GCC_WARN_UNUSED_FUNCTION = YES;
				GCC_WARN_UNUSED_VARIABLE = YES;
				IPHONEOS_DEPLOYMENT_TARGET = 13.7;
				MTL_ENABLE_DEBUG_INFO = NO;
				MTL_FAST_MATH = YES;
				SDKROOT = iphoneos;
				SWIFT_COMPILATION_MODE = wholemodule;
				SWIFT_OPTIMIZATION_LEVEL = "-O";
				VALIDATE_PRODUCT = YES;
			};
			name = Release;
		};
		E733D7F9250BF690005B56DC /* Debug */ = {
			isa = XCBuildConfiguration;
			buildSettings = {
				ASSETCATALOG_COMPILER_APPICON_NAME = AppIcon;
				CODE_SIGN_STYLE = Automatic;
				DEVELOPMENT_TEAM = 7WDCZ897WH;
				INFOPLIST_FILE = FoodTracking/SupportingFiles/Info.plist;
				LD_RUNPATH_SEARCH_PATHS = (
					"$(inherited)",
					"@executable_path/Frameworks",
				);
				PRODUCT_BUNDLE_IDENTIFIER = chervotkina.FoodTracking;
				PRODUCT_NAME = "$(TARGET_NAME)";
				SWIFT_VERSION = 5.0;
				TARGETED_DEVICE_FAMILY = "1,2";
			};
			name = Debug;
		};
		E733D7FA250BF690005B56DC /* Release */ = {
			isa = XCBuildConfiguration;
			buildSettings = {
				ASSETCATALOG_COMPILER_APPICON_NAME = AppIcon;
				CODE_SIGN_STYLE = Automatic;
				DEVELOPMENT_TEAM = 7WDCZ897WH;
				INFOPLIST_FILE = FoodTracking/SupportingFiles/Info.plist;
				LD_RUNPATH_SEARCH_PATHS = (
					"$(inherited)",
					"@executable_path/Frameworks",
				);
				PRODUCT_BUNDLE_IDENTIFIER = chervotkina.FoodTracking;
				PRODUCT_NAME = "$(TARGET_NAME)";
				SWIFT_VERSION = 5.0;
				TARGETED_DEVICE_FAMILY = "1,2";
			};
			name = Release;
		};
/* End XCBuildConfiguration section */

/* Begin XCConfigurationList section */
		E733D7DF250BF68B005B56DC /* Build configuration list for PBXProject "FoodTracking" */ = {
			isa = XCConfigurationList;
			buildConfigurations = (
				E733D7F6250BF690005B56DC /* Debug */,
				E733D7F7250BF690005B56DC /* Release */,
			);
			defaultConfigurationIsVisible = 0;
			defaultConfigurationName = Release;
		};
		E733D7F8250BF690005B56DC /* Build configuration list for PBXNativeTarget "FoodTracking" */ = {
			isa = XCConfigurationList;
			buildConfigurations = (
				E733D7F9250BF690005B56DC /* Debug */,
				E733D7FA250BF690005B56DC /* Release */,
			);
			defaultConfigurationIsVisible = 0;
			defaultConfigurationName = Release;
		};
/* End XCConfigurationList section */
	};
	rootObject = E733D7DC250BF68B005B56DC /* Project object */;
}
